Microsoft Visual Studio Solution File, Format Version 12.00
# Visual Studio Version 17
VisualStudioVersion = 17.5.2.0
MinimumVisualStudioVersion = 10.0.40219.1
Project("{FAE04EC0-301F-11D3-BF4B-00C04F79EFBC}") = "flic2lib.android", "flic2lib.android\flic2lib.android.csproj", "{E29F0F2D-C695-0AE9-BBA4-DF4B21FA1753}"
EndProject
Project("{FAE04EC0-301F-11D3-BF4B-00C04F79EFBC}") = "flic2lib.ios", "flic2lib.ios\flic2lib.ios.csproj", "{0D46A412-7906-907B-13DE-2641DEB10E0B}"
EndProject
Project("{FAE04EC0-301F-11D3-BF4B-00C04F79EFBC}") = "flic2lib.Maui", "flic2lib.Maui\flic2lib.Maui.csproj", "{75AE6E34-D19B-1C3E-E87E-1370EB49FB14}"
EndProject
Global
	GlobalSection(SolutionConfigurationPlatforms) = preSolution
		Debug|Any CPU = Debug|Any CPU
		Release|Any CPU = Release|Any CPU
	EndGlobalSection
	GlobalSection(ProjectConfigurationPlatforms) = postSolution
		{E29F0F2D-C695-0AE9-BBA4-DF4B21FA1753}.Debug|Any CPU.ActiveCfg = Debug|Any CPU
		{E29F0F2D-C695-0AE9-BBA4-DF4B21FA1753}.Debug|Any CPU.Build.0 = Debug|Any CPU
		{E29F0F2D-C695-0AE9-BBA4-DF4B21FA1753}.Release|Any CPU.ActiveCfg = Release|Any CPU
		{E29F0F2D-C695-0AE9-BBA4-DF4B21FA1753}.Release|Any CPU.Build.0 = Release|Any CPU
		{0D46A412-7906-907B-13DE-2641DEB10E0B}.Debug|Any CPU.ActiveCfg = Debug|Any CPU
		{0D46A412-7906-907B-13DE-2641DEB10E0B}.Debug|Any CPU.Build.0 = Debug|Any CPU
		{0D46A412-7906-907B-13DE-2641DEB10E0B}.Release|Any CPU.ActiveCfg = Release|Any CPU
		{0D46A412-7906-907B-13DE-2641DEB10E0B}.Release|Any CPU.Build.0 = Release|Any CPU
		{75AE6E34-D19B-1C3E-E87E-1370EB49FB14}.Debug|Any CPU.ActiveCfg = Debug|Any CPU
		{75AE6E34-D19B-1C3E-E87E-1370EB49FB14}.Debug|Any CPU.Build.0 = Debug|Any CPU
		{75AE6E34-D19B-1C3E-E87E-1370EB49FB14}.Release|Any CPU.ActiveCfg = Release|Any CPU
		{75AE6E34-D19B-1C3E-E87E-1370EB49FB14}.Release|Any CPU.Build.0 = Release|Any CPU
	EndGlobalSection
	GlobalSection(SolutionProperties) = preSolution
		HideSolutionNode = FALSE
	EndGlobalSection
	GlobalSection(ExtensibilityGlobals) = postSolution
		SolutionGuid = {09A07703-AC6B-4515-BFBB-841C9D5DA483}
	EndGlobalSection
EndGlobal
